
Microsoft Visual Studio Solution File, Format Version 12.00
# Visual Studio Version 18
VisualStudioVersion = 18.5.11709.299 stable
MinimumVisualStudioVersion = 10.0.40219.1
Project("{FAE04EC0-301F-11D3-BF4B-00C04F79EFBC}") = "PAS.BlindMatch", "PAS.BlindMatch\PAS.BlindMatch.csproj", "{24DC0C99-36F7-ED03-1160-418F375044A2}"
EndProject
Project("{FAE04EC0-301F-11D3-BF4B-00C04F79EFBC}") = "PAS.BlindMatch.Tests", "PAS.BlindMatch.Tests\PAS.BlindMatch.Tests.csproj", "{10AFD6FE-1AC5-4F08-8A4F-71B9A0E43860}"
EndProject
Global
	GlobalSection(SolutionConfigurationPlatforms) = preSolution
		Debug|Any CPU = Debug|Any CPU
		Debug|x64 = Debug|x64
		Debug|x86 = Debug|x86
		Release|Any CPU = Release|Any CPU
		Release|x64 = Release|x64
		Release|x86 = Release|x86
	EndGlobalSection
	GlobalSection(ProjectConfigurationPlatforms) = postSolution
		{24DC0C99-36F7-ED03-1160-418F375044A2}.Debug|Any CPU.ActiveCfg = Debug|Any CPU
		{24DC0C99-36F7-ED03-1160-418F375044A2}.Debug|Any CPU.Build.0 = Debug|Any CPU
		{24DC0C99-36F7-ED03-1160-418F375044A2}.Debug|x64.ActiveCfg = Debug|Any CPU
		{24DC0C99-36F7-ED03-1160-418F375044A2}.Debug|x64.Build.0 = Debug|Any CPU
		{24DC0C99-36F7-ED03-1160-418F375044A2}.Debug|x86.ActiveCfg = Debug|Any CPU
		{24DC0C99-36F7-ED03-1160-418F375044A2}.Debug|x86.Build.0 = Debug|Any CPU
		{24DC0C99-36F7-ED03-1160-418F375044A2}.Release|Any CPU.ActiveCfg = Release|Any CPU
		{24DC0C99-36F7-ED03-1160-418F375044A2}.Release|Any CPU.Build.0 = Release|Any CPU
		{24DC0C99-36F7-ED03-1160-418F375044A2}.Release|x64.ActiveCfg = Release|Any CPU
		{24DC0C99-36F7-ED03-1160-418F375044A2}.Release|x64.Build.0 = Release|Any CPU
		{24DC0C99-36F7-ED03-1160-418F375044A2}.Release|x86.ActiveCfg = Release|Any CPU
		{24DC0C99-36F7-ED03-1160-418F375044A2}.Release|x86.Build.0 = Release|Any CPU
		{10AFD6FE-1AC5-4F08-8A4F-71B9A0E43860}.Debug|Any CPU.ActiveCfg = Debug|Any CPU
		{10AFD6FE-1AC5-4F08-8A4F-71B9A0E43860}.Debug|Any CPU.Build.0 = Debug|Any CPU
		{10AFD6FE-1AC5-4F08-8A4F-71B9A0E43860}.Debug|x64.ActiveCfg = Debug|Any CPU
		{10AFD6FE-1AC5-4F08-8A4F-71B9A0E43860}.Debug|x64.Build.0 = Debug|Any CPU
		{10AFD6FE-1AC5-4F08-8A4F-71B9A0E43860}.Debug|x86.ActiveCfg = Debug|Any CPU
		{10AFD6FE-1AC5-4F08-8A4F-71B9A0E43860}.Debug|x86.Build.0 = Debug|Any CPU
		{10AFD6FE-1AC5-4F08-8A4F-71B9A0E43860}.Release|Any CPU.ActiveCfg = Release|Any CPU
		{10AFD6FE-1AC5-4F08-8A4F-71B9A0E43860}.Release|Any CPU.Build.0 = Release|Any CPU
		{10AFD6FE-1AC5-4F08-8A4F-71B9A0E43860}.Release|x64.ActiveCfg = Release|Any CPU
		{10AFD6FE-1AC5-4F08-8A4F-71B9A0E43860}.Release|x64.Build.0 = Release|Any CPU
		{10AFD6FE-1AC5-4F08-8A4F-71B9A0E43860}.Release|x86.ActiveCfg = Release|Any CPU
		{10AFD6FE-1AC5-4F08-8A4F-71B9A0E43860}.Release|x86.Build.0 = Release|Any CPU
	EndGlobalSection
	GlobalSection(SolutionProperties) = preSolution
		HideSolutionNode = FALSE
	EndGlobalSection
	GlobalSection(ExtensibilityGlobals) = postSolution
		SolutionGuid = {1A624335-FA36-466B-96C5-9854016AA035}
	EndGlobalSection
EndGlobal
